
Microsoft Visual Studio Solution File, Format Version 12.00
# Visual Studio Version 18
VisualStudioVersion = 18.3.11520.95
MinimumVisualStudioVersion = 10.0.40219.1
Project("{8BC9CEB8-8B4A-11D0-8D11-00A0C91BC942}") = "Utility", "Projects\Utility\Utility.vcxproj", "{6C265393-A607-4CE4-9248-9837C2214086}"
EndProject
Project("{8BC9CEB8-8B4A-11D0-8D11-00A0C91BC942}") = "RenderEngine", "Projects\RenderEngine\RenderEngine.vcxproj", "{5B94B0C1-BA60-4C98-8D8F-FCB43239F283}"
	ProjectSection(ProjectDependencies) = postProject
		{54CE5549-CE0C-4716-987B-0B266A1120E9} = {54CE5549-CE0C-4716-987B-0B266A1120E9}
		{6C265393-A607-4CE4-9248-9837C2214086} = {6C265393-A607-4CE4-9248-9837C2214086}
	EndProjectSection
EndProject
Project("{2150E333-8FDC-42A3-9474-1A3956D46DE8}") = "external", "external", "{02EA681E-C7D8-13C7-8484-4AC65E1B71E8}"
EndProject
Project("{2150E333-8FDC-42A3-9474-1A3956D46DE8}") = "lib", "lib", "{E7C45B10-759F-42C2-BEF2-47E719A94D80}"
EndProject
Project("{2150E333-8FDC-42A3-9474-1A3956D46DE8}") = "app", "app", "{A85F7F66-947C-43CD-A0C9-093D9C836A2D}"
EndProject
Project("{8BC9CEB8-8B4A-11D0-8D11-00A0C91BC942}") = "DebugDraw", "Projects\DebugDraw\DebugDraw.vcxproj", "{67B27D7F-138E-4156-B169-D51F312D4764}"
EndProject
Project("{8BC9CEB8-8B4A-11D0-8D11-00A0C91BC942}") = "Platform", "Projects\Platform\Platform.vcxproj", "{85330A8D-3287-4B09-8D04-91CFFBB02502}"
EndProject
Project("{8BC9CEB8-8B4A-11D0-8D11-00A0C91BC942}") = "GameApp", "Projects\GameApp\GameApp.vcxproj", "{E0B6D473-BE35-45C0-B694-DC4C0FF1395F}"
	ProjectSection(ProjectDependencies) = postProject
		{06F015B2-DEFC-43CA-9430-5EACD376914D} = {06F015B2-DEFC-43CA-9430-5EACD376914D}
		{1D509F71-72B0-4B1A-8EB7-3803BF8E2E34} = {1D509F71-72B0-4B1A-8EB7-3803BF8E2E34}
		{42D7939F-513E-66B6-A861-496E406236E5} = {42D7939F-513E-66B6-A861-496E406236E5}
		{54CE5549-CE0C-4716-987B-0B266A1120E9} = {54CE5549-CE0C-4716-987B-0B266A1120E9}
		{5B94B0C1-BA60-4C98-8D8F-FCB43239F283} = {5B94B0C1-BA60-4C98-8D8F-FCB43239F283}
		{67B27D7F-138E-4156-B169-D51F312D4764} = {67B27D7F-138E-4156-B169-D51F312D4764}
		{85330A8D-3287-4B09-8D04-91CFFBB02502} = {85330A8D-3287-4B09-8D04-91CFFBB02502}
		{8A7B594E-AEA3-4C61-9327-2B9BBDF99555} = {8A7B594E-AEA3-4C61-9327-2B9BBDF99555}
		{BEDFCF0E-A8B7-443A-A28A-6817B6C93AD6} = {BEDFCF0E-A8B7-443A-A28A-6817B6C93AD6}
		{D518D91A-55B4-4AC8-8382-4B00C8954E62} = {D518D91A-55B4-4AC8-8382-4B00C8954E62}
		{E0B52AE7-E160-4D32-BF3F-910B785E5A8E} = {E0B52AE7-E160-4D32-BF3F-910B785E5A8E}
	EndProjectSection
EndProject
Project("{8BC9CEB8-8B4A-11D0-8D11-00A0C91BC942}") = "assimp", "Projects\external\assimp\assimp.vcxproj", "{42D7939F-513E-66B6-A861-496E406236E5}"
EndProject
Project("{8BC9CEB8-8B4A-11D0-8D11-00A0C91BC942}") = "DirectXTK", "Projects\external\DirectXTK\DirectXTK_Desktop_2022_Win10.vcxproj", "{E0B52AE7-E160-4D32-BF3F-910B785E5A8E}"
EndProject
Project("{8BC9CEB8-8B4A-11D0-8D11-00A0C91BC942}") = "imgui", "Projects\external\imgui\Imgui.vcxproj", "{54CE5549-CE0C-4716-987B-0B266A1120E9}"
EndProject
Project("{8BC9CEB8-8B4A-11D0-8D11-00A0C91BC942}") = "Audio", "Projects\Audio\Audio.vcxproj", "{BEDFCF0E-A8B7-443A-A28A-6817B6C93AD6}"
EndProject
Project("{8BC9CEB8-8B4A-11D0-8D11-00A0C91BC942}") = "Core", "Projects\Core\Core.vcxproj", "{8A7B594E-AEA3-4C61-9327-2B9BBDF99555}"
EndProject
Project("{2150E333-8FDC-42A3-9474-1A3956D46DE8}") = "utility", "utility", "{029738BF-5569-415E-92A2-00DC72E4F74B}"
EndProject
Project("{8BC9CEB8-8B4A-11D0-8D11-00A0C91BC942}") = "ECS", "Projects\ECS\ECS.vcxproj", "{E3B419F7-0281-42DB-A6B7-612BD8FE5FA8}"
EndProject
Project("{8BC9CEB8-8B4A-11D0-8D11-00A0C91BC942}") = "Jolt", "Projects\external\Jolt\Jolt.vcxproj", "{06F015B2-DEFC-43CA-9430-5EACD376914D}"
EndProject
Project("{8BC9CEB8-8B4A-11D0-8D11-00A0C91BC942}") = "Engine2D", "Projects\Engine2D\Engine2D.vcxproj", "{D518D91A-55B4-4AC8-8382-4B00C8954E62}"
EndProject
Project("{8BC9CEB8-8B4A-11D0-8D11-00A0C91BC942}") = "AssetManager", "Projects\AssetManager\AssetManager.vcxproj", "{1D509F71-72B0-4B1A-8EB7-3803BF8E2E34}"
EndProject
Project("{8BC9CEB8-8B4A-11D0-8D11-00A0C91BC942}") = "Common", "Projects\Common\Common.vcxproj", "{2F06DD24-D552-4C05-9825-1FC4B0D74F97}"
EndProject
Global
	GlobalSection(SolutionConfigurationPlatforms) = preSolution
		Debug|x64 = Debug|x64
		Debug|x86 = Debug|x86
		Release|x64 = Release|x64
		Release|x86 = Release|x86
	EndGlobalSection
	GlobalSection(ProjectConfigurationPlatforms) = postSolution
		{6C265393-A607-4CE4-9248-9837C2214086}.Debug|x64.ActiveCfg = Debug|x64
		{6C265393-A607-4CE4-9248-9837C2214086}.Debug|x64.Build.0 = Debug|x64
		{6C265393-A607-4CE4-9248-9837C2214086}.Debug|x86.ActiveCfg = Debug|Win32
		{6C265393-A607-4CE4-9248-9837C2214086}.Debug|x86.Build.0 = Debug|Win32
		{6C265393-A607-4CE4-9248-9837C2214086}.Release|x64.ActiveCfg = Release|x64
		{6C265393-A607-4CE4-9248-9837C2214086}.Release|x64.Build.0 = Release|x64
		{6C265393-A607-4CE4-9248-9837C2214086}.Release|x86.ActiveCfg = Release|Win32
		{6C265393-A607-4CE4-9248-9837C2214086}.Release|x86.Build.0 = Release|Win32
		{5B94B0C1-BA60-4C98-8D8F-FCB43239F283}.Debug|x64.ActiveCfg = Debug|x64
		{5B94B0C1-BA60-4C98-8D8F-FCB43239F283}.Debug|x64.Build.0 = Debug|x64
		{5B94B0C1-BA60-4C98-8D8F-FCB43239F283}.Debug|x86.ActiveCfg = Debug|Win32
		{5B94B0C1-BA60-4C98-8D8F-FCB43239F283}.Debug|x86.Build.0 = Debug|Win32
		{5B94B0C1-BA60-4C98-8D8F-FCB43239F283}.Release|x64.ActiveCfg = Release|x64
		{5B94B0C1-BA60-4C98-8D8F-FCB43239F283}.Release|x64.Build.0 = Release|x64
		{5B94B0C1-BA60-4C98-8D8F-FCB43239F283}.Release|x86.ActiveCfg = Release|Win32
		{5B94B0C1-BA60-4C98-8D8F-FCB43239F283}.Release|x86.Build.0 = Release|Win32
		{67B27D7F-138E-4156-B169-D51F312D4764}.Debug|x64.ActiveCfg = Debug|x64
		{67B27D7F-138E-4156-B169-D51F312D4764}.Debug|x64.Build.0 = Debug|x64
		{67B27D7F-138E-4156-B169-D51F312D4764}.Debug|x86.ActiveCfg = Debug|Win32
		{67B27D7F-138E-4156-B169-D51F312D4764}.Debug|x86.Build.0 = Debug|Win32
		{67B27D7F-138E-4156-B169-D51F312D4764}.Release|x64.ActiveCfg = Release|x64
		{67B27D7F-138E-4156-B169-D51F312D4764}.Release|x64.Build.0 = Release|x64
		{67B27D7F-138E-4156-B169-D51F312D4764}.Release|x86.ActiveCfg = Release|Win32
		{67B27D7F-138E-4156-B169-D51F312D4764}.Release|x86.Build.0 = Release|Win32
		{85330A8D-3287-4B09-8D04-91CFFBB02502}.Debug|x64.ActiveCfg = Debug|x64
		{85330A8D-3287-4B09-8D04-91CFFBB02502}.Debug|x64.Build.0 = Debug|x64
		{85330A8D-3287-4B09-8D04-91CFFBB02502}.Debug|x86.ActiveCfg = Debug|Win32
		{85330A8D-3287-4B09-8D04-91CFFBB02502}.Debug|x86.Build.0 = Debug|Win32
		{85330A8D-3287-4B09-8D04-91CFFBB02502}.Release|x64.ActiveCfg = Release|x64
		{85330A8D-3287-4B09-8D04-91CFFBB02502}.Release|x64.Build.0 = Release|x64
		{85330A8D-3287-4B09-8D04-91CFFBB02502}.Release|x86.ActiveCfg = Release|Win32
		{85330A8D-3287-4B09-8D04-91CFFBB02502}.Release|x86.Build.0 = Release|Win32
		{E0B6D473-BE35-45C0-B694-DC4C0FF1395F}.Debug|x64.ActiveCfg = Debug|x64
		{E0B6D473-BE35-45C0-B694-DC4C0FF1395F}.Debug|x64.Build.0 = Debug|x64
		{E0B6D473-BE35-45C0-B694-DC4C0FF1395F}.Debug|x86.ActiveCfg = Debug|Win32
		{E0B6D473-BE35-45C0-B694-DC4C0FF1395F}.Debug|x86.Build.0 = Debug|Win32
		{E0B6D473-BE35-45C0-B694-DC4C0FF1395F}.Release|x64.ActiveCfg = Release|x64
		{E0B6D473-BE35-45C0-B694-DC4C0FF1395F}.Release|x64.Build.0 = Release|x64
		{E0B6D473-BE35-45C0-B694-DC4C0FF1395F}.Release|x86.ActiveCfg = Release|Win32
		{E0B6D473-BE35-45C0-B694-DC4C0FF1395F}.Release|x86.Build.0 = Release|Win32
		{42D7939F-513E-66B6-A861-496E406236E5}.Debug|x64.ActiveCfg = Debug|x64
		{42D7939F-513E-66B6-A861-496E406236E5}.Debug|x64.Build.0 = Debug|x64
		{42D7939F-513E-66B6-A861-496E406236E5}.Debug|x86.ActiveCfg = Debug|Win32
		{42D7939F-513E-66B6-A861-496E406236E5}.Debug|x86.Build.0 = Debug|Win32
		{42D7939F-513E-66B6-A861-496E406236E5}.Release|x64.ActiveCfg = Release|x64
		{42D7939F-513E-66B6-A861-496E406236E5}.Release|x64.Build.0 = Release|x64
		{42D7939F-513E-66B6-A861-496E406236E5}.Release|x86.ActiveCfg = Release|Win32
		{42D7939F-513E-66B6-A861-496E406236E5}.Release|x86.Build.0 = Release|Win32
		{E0B52AE7-E160-4D32-BF3F-910B785E5A8E}.Debug|x64.ActiveCfg = Debug|x64
		{E0B52AE7-E160-4D32-BF3F-910B785E5A8E}.Debug|x64.Build.0 = Debug|x64
		{E0B52AE7-E160-4D32-BF3F-910B785E5A8E}.Debug|x86.ActiveCfg = Debug|Win32
		{E0B52AE7-E160-4D32-BF3F-910B785E5A8E}.Debug|x86.Build.0 = Debug|Win32
		{E0B52AE7-E160-4D32-BF3F-910B785E5A8E}.Release|x64.ActiveCfg = Release|x64
		{E0B52AE7-E160-4D32-BF3F-910B785E5A8E}.Release|x64.Build.0 = Release|x64
		{E0B52AE7-E160-4D32-BF3F-910B785E5A8E}.Release|x86.ActiveCfg = Release|Win32
		{E0B52AE7-E160-4D32-BF3F-910B785E5A8E}.Release|x86.Build.0 = Release|Win32
		{54CE5549-CE0C-4716-987B-0B266A1120E9}.Debug|x64.ActiveCfg = Debug|x64
		{54CE5549-CE0C-4716-987B-0B266A1120E9}.Debug|x64.Build.0 = Debug|x64
		{54CE5549-CE0C-4716-987B-0B266A1120E9}.Debug|x86.ActiveCfg = Debug|Win32
		{54CE5549-CE0C-4716-987B-0B266A1120E9}.Debug|x86.Build.0 = Debug|Win32
		{54CE5549-CE0C-4716-987B-0B266A1120E9}.Release|x64.ActiveCfg = Release|x64
		{54CE5549-CE0C-4716-987B-0B266A1120E9}.Release|x64.Build.0 = Release|x64
		{54CE5549-CE0C-4716-987B-0B266A1120E9}.Release|x86.ActiveCfg = Release|Win32
		{54CE5549-CE0C-4716-987B-0B266A1120E9}.Release|x86.Build.0 = Release|Win32
		{BEDFCF0E-A8B7-443A-A28A-6817B6C93AD6}.Debug|x64.ActiveCfg = Debug|x64
		{BEDFCF0E-A8B7-443A-A28A-6817B6C93AD6}.Debug|x64.Build.0 = Debug|x64
		{BEDFCF0E-A8B7-443A-A28A-6817B6C93AD6}.Debug|x86.ActiveCfg = Debug|Win32
		{BEDFCF0E-A8B7-443A-A28A-6817B6C93AD6}.Debug|x86.Build.0 = Debug|Win32
		{BEDFCF0E-A8B7-443A-A28A-6817B6C93AD6}.Release|x64.ActiveCfg = Release|x64
		{BEDFCF0E-A8B7-443A-A28A-6817B6C93AD6}.Release|x64.Build.0 = Release|x64
		{BEDFCF0E-A8B7-443A-A28A-6817B6C93AD6}.Release|x86.ActiveCfg = Release|Win32
		{BEDFCF0E-A8B7-443A-A28A-6817B6C93AD6}.Release|x86.Build.0 = Release|Win32
		{8A7B594E-AEA3-4C61-9327-2B9BBDF99555}.Debug|x64.ActiveCfg = Debug|x64
		{8A7B594E-AEA3-4C61-9327-2B9BBDF99555}.Debug|x64.Build.0 = Debug|x64
		{8A7B594E-AEA3-4C61-9327-2B9BBDF99555}.Debug|x86.ActiveCfg = Debug|Win32
		{8A7B594E-AEA3-4C61-9327-2B9BBDF99555}.Debug|x86.Build.0 = Debug|Win32
		{8A7B594E-AEA3-4C61-9327-2B9BBDF99555}.Release|x64.ActiveCfg = Release|x64
		{8A7B594E-AEA3-4C61-9327-2B9BBDF99555}.Release|x64.Build.0 = Release|x64
		{8A7B594E-AEA3-4C61-9327-2B9BBDF99555}.Release|x86.ActiveCfg = Release|Win32
		{8A7B594E-AEA3-4C61-9327-2B9BBDF99555}.Release|x86.Build.0 = Release|Win32
		{E3B419F7-0281-42DB-A6B7-612BD8FE5FA8}.Debug|x64.ActiveCfg = Debug|x64
		{E3B419F7-0281-42DB-A6B7-612BD8FE5FA8}.Debug|x64.Build.0 = Debug|x64
		{E3B419F7-0281-42DB-A6B7-612BD8FE5FA8}.Debug|x86.ActiveCfg = Debug|Win32
		{E3B419F7-0281-42DB-A6B7-612BD8FE5FA8}.Debug|x86.Build.0 = Debug|Win32
		{E3B419F7-0281-42DB-A6B7-612BD8FE5FA8}.Release|x64.ActiveCfg = Release|x64
		{E3B419F7-0281-42DB-A6B7-612BD8FE5FA8}.Release|x64.Build.0 = Release|x64
		{E3B419F7-0281-42DB-A6B7-612BD8FE5FA8}.Release|x86.ActiveCfg = Release|Win32
		{E3B419F7-0281-42DB-A6B7-612BD8FE5FA8}.Release|x86.Build.0 = Release|Win32
		{06F015B2-DEFC-43CA-9430-5EACD376914D}.Debug|x64.ActiveCfg = Debug|x64
		{06F015B2-DEFC-43CA-9430-5EACD376914D}.Debug|x64.Build.0 = Debug|x64
		{06F015B2-DEFC-43CA-9430-5EACD376914D}.Debug|x86.ActiveCfg = Debug|Win32
		{06F015B2-DEFC-43CA-9430-5EACD376914D}.Debug|x86.Build.0 = Debug|Win32
		{06F015B2-DEFC-43CA-9430-5EACD376914D}.Release|x64.ActiveCfg = Release|x64
		{06F015B2-DEFC-43CA-9430-5EACD376914D}.Release|x64.Build.0 = Release|x64
		{06F015B2-DEFC-43CA-9430-5EACD376914D}.Release|x86.ActiveCfg = Release|Win32
		{06F015B2-DEFC-43CA-9430-5EACD376914D}.Release|x86.Build.0 = Release|Win32
		{D518D91A-55B4-4AC8-8382-4B00C8954E62}.Debug|x64.ActiveCfg = Debug|x64
		{D518D91A-55B4-4AC8-8382-4B00C8954E62}.Debug|x64.Build.0 = Debug|x64
		{D518D91A-55B4-4AC8-8382-4B00C8954E62}.Debug|x86.ActiveCfg = Debug|Win32
		{D518D91A-55B4-4AC8-8382-4B00C8954E62}.Debug|x86.Build.0 = Debug|Win32
		{D518D91A-55B4-4AC8-8382-4B00C8954E62}.Release|x64.ActiveCfg = Release|x64
		{D518D91A-55B4-4AC8-8382-4B00C8954E62}.Release|x64.Build.0 = Release|x64
		{D518D91A-55B4-4AC8-8382-4B00C8954E62}.Release|x86.ActiveCfg = Release|Win32
		{D518D91A-55B4-4AC8-8382-4B00C8954E62}.Release|x86.Build.0 = Release|Win32
		{1D509F71-72B0-4B1A-8EB7-3803BF8E2E34}.Debug|x64.ActiveCfg = Debug|x64
		{1D509F71-72B0-4B1A-8EB7-3803BF8E2E34}.Debug|x64.Build.0 = Debug|x64
		{1D509F71-72B0-4B1A-8EB7-3803BF8E2E34}.Debug|x86.ActiveCfg = Debug|Win32
		{1D509F71-72B0-4B1A-8EB7-3803BF8E2E34}.Debug|x86.Build.0 = Debug|Win32
		{1D509F71-72B0-4B1A-8EB7-3803BF8E2E34}.Release|x64.ActiveCfg = Release|x64
		{1D509F71-72B0-4B1A-8EB7-3803BF8E2E34}.Release|x64.Build.0 = Release|x64
		{1D509F71-72B0-4B1A-8EB7-3803BF8E2E34}.Release|x86.ActiveCfg = Release|Win32
		{1D509F71-72B0-4B1A-8EB7-3803BF8E2E34}.Release|x86.Build.0 = Release|Win32
		{2F06DD24-D552-4C05-9825-1FC4B0D74F97}.Debug|x64.ActiveCfg = Debug|x64
		{2F06DD24-D552-4C05-9825-1FC4B0D74F97}.Debug|x64.Build.0 = Debug|x64
		{2F06DD24-D552-4C05-9825-1FC4B0D74F97}.Debug|x86.ActiveCfg = Debug|Win32
		{2F06DD24-D552-4C05-9825-1FC4B0D74F97}.Debug|x86.Build.0 = Debug|Win32
		{2F06DD24-D552-4C05-9825-1FC4B0D74F97}.Release|x64.ActiveCfg = Release|x64
		{2F06DD24-D552-4C05-9825-1FC4B0D74F97}.Release|x64.Build.0 = Release|x64
		{2F06DD24-D552-4C05-9825-1FC4B0D74F97}.Release|x86.ActiveCfg = Release|Win32
		{2F06DD24-D552-4C05-9825-1FC4B0D74F97}.Release|x86.Build.0 = Release|Win32
	EndGlobalSection
	GlobalSection(SolutionProperties) = preSolution
		HideSolutionNode = FALSE
	EndGlobalSection
	GlobalSection(NestedProjects) = preSolution
		{6C265393-A607-4CE4-9248-9837C2214086} = {029738BF-5569-415E-92A2-00DC72E4F74B}
		{5B94B0C1-BA60-4C98-8D8F-FCB43239F283} = {E7C45B10-759F-42C2-BEF2-47E719A94D80}
		{02EA681E-C7D8-13C7-8484-4AC65E1B71E8} = {E7C45B10-759F-42C2-BEF2-47E719A94D80}
		{67B27D7F-138E-4156-B169-D51F312D4764} = {E7C45B10-759F-42C2-BEF2-47E719A94D80}
		{85330A8D-3287-4B09-8D04-91CFFBB02502} = {E7C45B10-759F-42C2-BEF2-47E719A94D80}
		{E0B6D473-BE35-45C0-B694-DC4C0FF1395F} = {A85F7F66-947C-43CD-A0C9-093D9C836A2D}
		{42D7939F-513E-66B6-A861-496E406236E5} = {02EA681E-C7D8-13C7-8484-4AC65E1B71E8}
		{E0B52AE7-E160-4D32-BF3F-910B785E5A8E} = {02EA681E-C7D8-13C7-8484-4AC65E1B71E8}
		{54CE5549-CE0C-4716-987B-0B266A1120E9} = {02EA681E-C7D8-13C7-8484-4AC65E1B71E8}
		{BEDFCF0E-A8B7-443A-A28A-6817B6C93AD6} = {E7C45B10-759F-42C2-BEF2-47E719A94D80}
		{8A7B594E-AEA3-4C61-9327-2B9BBDF99555} = {029738BF-5569-415E-92A2-00DC72E4F74B}
		{E3B419F7-0281-42DB-A6B7-612BD8FE5FA8} = {029738BF-5569-415E-92A2-00DC72E4F74B}
		{06F015B2-DEFC-43CA-9430-5EACD376914D} = {02EA681E-C7D8-13C7-8484-4AC65E1B71E8}
		{D518D91A-55B4-4AC8-8382-4B00C8954E62} = {E7C45B10-759F-42C2-BEF2-47E719A94D80}
		{1D509F71-72B0-4B1A-8EB7-3803BF8E2E34} = {E7C45B10-759F-42C2-BEF2-47E719A94D80}
		{2F06DD24-D552-4C05-9825-1FC4B0D74F97} = {029738BF-5569-415E-92A2-00DC72E4F74B}
	EndGlobalSection
	GlobalSection(ExtensibilityGlobals) = postSolution
		SolutionGuid = {B29613EE-F694-4FD0-881A-EF0468813E67}
	EndGlobalSection
EndGlobal
